// !$*UTF8*$!
{
	archiveVersion = 1;
	classes = {
	};
	objectVersion = 51;
	objects = {

/* Begin PBXBuildFile section */
		285B6FA9595ED440D6A183C2 /* Pods_RunningMate.framework in Frameworks */ = {isa = PBXBuildFile; fileRef = C3B33977FB0109240F0888A1 /* Pods_RunningMate.framework */; };
		E531E6F1260D294D00C8273E /* AppDelegate.swift in Sources */ = {isa = PBXBuildFile; fileRef = E531E6F0260D294D00C8273E /* AppDelegate.swift */; };
		E531E6F3260D294D00C8273E /* SceneDelegate.swift in Sources */ = {isa = PBXBuildFile; fileRef = E531E6F2260D294D00C8273E /* SceneDelegate.swift */; };
		E531E6F5260D294D00C8273E /* ViewController.swift in Sources */ = {isa = PBXBuildFile; fileRef = E531E6F4260D294D00C8273E /* ViewController.swift */; };
		E531E6F8260D294D00C8273E /* Main.storyboard in Resources */ = {isa = PBXBuildFile; fileRef = E531E6F6260D294D00C8273E /* Main.storyboard */; };
		E531E6FA260D294F00C8273E /* Assets.xcassets in Resources */ = {isa = PBXBuildFile; fileRef = E531E6F9260D294F00C8273E /* Assets.xcassets */; };
		E531E6FD260D294F00C8273E /* LaunchScreen.storyboard in Resources */ = {isa = PBXBuildFile; fileRef = E531E6FB260D294F00C8273E /* LaunchScreen.storyboard */; };
		E531E70A260D2B7E00C8273E /* GoogleService-Info.plist in Resources */ = {isa = PBXBuildFile; fileRef = E531E709260D2B7E00C8273E /* GoogleService-Info.plist */; };
		E531E76E260FB5AC00C8273E /* LogInViewController.swift in Sources */ = {isa = PBXBuildFile; fileRef = E531E76D260FB5AC00C8273E /* LogInViewController.swift */; };
		E531E7E5260FD50400C8273E /* SignUpViewController.swift in Sources */ = {isa = PBXBuildFile; fileRef = E531E7E4260FD50400C8273E /* SignUpViewController.swift */; };
		E568E2E92612254400D68877 /* HomeScreenViewController.swift in Sources */ = {isa = PBXBuildFile; fileRef = E568E2E82612254400D68877 /* HomeScreenViewController.swift */; };
		E568E2EC261227FB00D68877 /* RegisterParams2ViewController.swift in Sources */ = {isa = PBXBuildFile; fileRef = E568E2EB261227FB00D68877 /* RegisterParams2ViewController.swift */; };
		E568E2EF2612283600D68877 /* RegisterParams3ViewController.swift in Sources */ = {isa = PBXBuildFile; fileRef = E568E2EE2612283600D68877 /* RegisterParams3ViewController.swift */; };
		E568E2F22612287500D68877 /* RegisterCongratsViewController.swift in Sources */ = {isa = PBXBuildFile; fileRef = E568E2F12612287500D68877 /* RegisterCongratsViewController.swift */; };
		E568E2F52612775A00D68877 /* ProfileMainViewController.swift in Sources */ = {isa = PBXBuildFile; fileRef = E568E2F42612775A00D68877 /* ProfileMainViewController.swift */; };
		E568E2F826127DC900D68877 /* RegisterUserInfoViewController.swift in Sources */ = {isa = PBXBuildFile; fileRef = E568E2F726127DC900D68877 /* RegisterUserInfoViewController.swift */; };
		E568E2FB2613240800D68877 /* User.swift in Sources */ = {isa = PBXBuildFile; fileRef = E568E2FA2613240800D68877 /* User.swift */; };
		E594E4D826113C6E00B674B6 /* RegisterParams1ViewController.swift in Sources */ = {isa = PBXBuildFile; fileRef = E594E4D726113C6E00B674B6 /* RegisterParams1ViewController.swift */; };
/* End PBXBuildFile section */

/* Begin PBXFileReference section */
		64FA8028063919471178C79A /* Pods-RunningMate.release.xcconfig */ = {isa = PBXFileReference; includeInIndex = 1; lastKnownFileType = text.xcconfig; name = "Pods-RunningMate.release.xcconfig"; path = "Target Support Files/Pods-RunningMate/Pods-RunningMate.release.xcconfig"; sourceTree = "<group>"; };
		65B36D324BF6CCE8C21E1B04 /* Pods-RunningMate.debug.xcconfig */ = {isa = PBXFileReference; includeInIndex = 1; lastKnownFileType = text.xcconfig; name = "Pods-RunningMate.debug.xcconfig"; path = "Target Support Files/Pods-RunningMate/Pods-RunningMate.debug.xcconfig"; sourceTree = "<group>"; };
		C3B33977FB0109240F0888A1 /* Pods_RunningMate.framework */ = {isa = PBXFileReference; explicitFileType = wrapper.framework; includeInIndex = 0; path = Pods_RunningMate.framework; sourceTree = BUILT_PRODUCTS_DIR; };
		E531E6ED260D294D00C8273E /* RunningMate.app */ = {isa = PBXFileReference; explicitFileType = wrapper.application; includeInIndex = 0; path = RunningMate.app; sourceTree = BUILT_PRODUCTS_DIR; };
		E531E6F0260D294D00C8273E /* AppDelegate.swift */ = {isa = PBXFileReference; lastKnownFileType = sourcecode.swift; path = AppDelegate.swift; sourceTree = "<group>"; };
		E531E6F2260D294D00C8273E /* SceneDelegate.swift */ = {isa = PBXFileReference; lastKnownFileType = sourcecode.swift; path = SceneDelegate.swift; sourceTree = "<group>"; };
		E531E6F4260D294D00C8273E /* ViewController.swift */ = {isa = PBXFileReference; lastKnownFileType = sourcecode.swift; path = ViewController.swift; sourceTree = "<group>"; };
		E531E6F7260D294D00C8273E /* Base */ = {isa = PBXFileReference; lastKnownFileType = file.storyboard; name = Base; path = Base.lproj/Main.storyboard; sourceTree = "<group>"; };
		E531E6F9260D294F00C8273E /* Assets.xcassets */ = {isa = PBXFileReference; lastKnownFileType = folder.assetcatalog; path = Assets.xcassets; sourceTree = "<group>"; };
		E531E6FC260D294F00C8273E /* Base */ = {isa = PBXFileReference; lastKnownFileType = file.storyboard; name = Base; path = Base.lproj/LaunchScreen.storyboard; sourceTree = "<group>"; };
		E531E6FE260D294F00C8273E /* Info.plist */ = {isa = PBXFileReference; lastKnownFileType = text.plist.xml; path = Info.plist; sourceTree = "<group>"; };
		E531E709260D2B7E00C8273E /* GoogleService-Info.plist */ = {isa = PBXFileReference; fileEncoding = 4; lastKnownFileType = text.plist.xml; path = "GoogleService-Info.plist"; sourceTree = "<group>"; };
		E531E76D260FB5AC00C8273E /* LogInViewController.swift */ = {isa = PBXFileReference; lastKnownFileType = sourcecode.swift; path = LogInViewController.swift; sourceTree = "<group>"; };
		E531E7E4260FD50400C8273E /* SignUpViewController.swift */ = {isa = PBXFileReference; lastKnownFileType = sourcecode.swift; path = SignUpViewController.swift; sourceTree = "<group>"; };
		E568E2E82612254400D68877 /* HomeScreenViewController.swift */ = {isa = PBXFileReference; lastKnownFileType = sourcecode.swift; path = HomeScreenViewController.swift; sourceTree = "<group>"; };
		E568E2EB261227FB00D68877 /* RegisterParams2ViewController.swift */ = {isa = PBXFileReference; lastKnownFileType = sourcecode.swift; path = RegisterParams2ViewController.swift; sourceTree = "<group>"; };
		E568E2EE2612283600D68877 /* RegisterParams3ViewController.swift */ = {isa = PBXFileReference; lastKnownFileType = sourcecode.swift; path = RegisterParams3ViewController.swift; sourceTree = "<group>"; };
		E568E2F12612287500D68877 /* RegisterCongratsViewController.swift */ = {isa = PBXFileReference; lastKnownFileType = sourcecode.swift; path = RegisterCongratsViewController.swift; sourceTree = "<group>"; };
		E568E2F42612775A00D68877 /* ProfileMainViewController.swift */ = {isa = PBXFileReference; lastKnownFileType = sourcecode.swift; path = ProfileMainViewController.swift; sourceTree = "<group>"; };
		E568E2F726127DC900D68877 /* RegisterUserInfoViewController.swift */ = {isa = PBXFileReference; lastKnownFileType = sourcecode.swift; path = RegisterUserInfoViewController.swift; sourceTree = "<group>"; };
		E568E2FA2613240800D68877 /* User.swift */ = {isa = PBXFileReference; lastKnownFileType = sourcecode.swift; path = User.swift; sourceTree = "<group>"; };
		E594E4D726113C6E00B674B6 /* RegisterParams1ViewController.swift */ = {isa = PBXFileReference; lastKnownFileType = sourcecode.swift; path = RegisterParams1ViewController.swift; sourceTree = "<group>"; };
/* End PBXFileReference section */

/* Begin PBXFrameworksBuildPhase section */
		E531E6EA260D294D00C8273E /* Frameworks */ = {
			isa = PBXFrameworksBuildPhase;
			buildActionMask = 2147483647;
			files = (
				285B6FA9595ED440D6A183C2 /* Pods_RunningMate.framework in Frameworks */,
			);
			runOnlyForDeploymentPostprocessing = 0;
		};
/* End PBXFrameworksBuildPhase section */

/* Begin PBXGroup section */
		31E35958D6B5FC7D2E416168 /* Frameworks */ = {
			isa = PBXGroup;
			children = (
				C3B33977FB0109240F0888A1 /* Pods_RunningMate.framework */,
			);
			name = Frameworks;
			sourceTree = "<group>";
		};
		E531E6E4260D294D00C8273E = {
			isa = PBXGroup;
			children = (
				E531E6EF260D294D00C8273E /* RunningMate */,
				E531E6EE260D294D00C8273E /* Products */,
				EADF8E1962CAFD3B86886CED /* Pods */,
				31E35958D6B5FC7D2E416168 /* Frameworks */,
			);
			sourceTree = "<group>";
		};
		E531E6EE260D294D00C8273E /* Products */ = {
			isa = PBXGroup;
			children = (
				E531E6ED260D294D00C8273E /* RunningMate.app */,
			);
			name = Products;
			sourceTree = "<group>";
		};
		E531E6EF260D294D00C8273E /* RunningMate */ = {
			isa = PBXGroup;
			children = (
				E531E6F0260D294D00C8273E /* AppDelegate.swift */,
				E531E6F2260D294D00C8273E /* SceneDelegate.swift */,
				E531E706260D299600C8273E /* Models */,
				E531E705260D298400C8273E /* Views */,
				E531E707260D29A500C8273E /* Controllers */,
				E531E6F9260D294F00C8273E /* Assets.xcassets */,
				E531E6FB260D294F00C8273E /* LaunchScreen.storyboard */,
				E531E6FE260D294F00C8273E /* Info.plist */,
				E531E709260D2B7E00C8273E /* GoogleService-Info.plist */,
			);
			path = RunningMate;
			sourceTree = "<group>";
		};
		E531E705260D298400C8273E /* Views */ = {
			isa = PBXGroup;
			children = (
				E531E6F6260D294D00C8273E /* Main.storyboard */,
			);
			path = Views;
			sourceTree = "<group>";
		};
		E531E706260D299600C8273E /* Models */ = {
			isa = PBXGroup;
			children = (
				E568E2FA2613240800D68877 /* User.swift */,
			);
			path = Models;
			sourceTree = "<group>";
		};
		E531E707260D29A500C8273E /* Controllers */ = {
			isa = PBXGroup;
			children = (
				E531E6F4260D294D00C8273E /* ViewController.swift */,
				E531E76D260FB5AC00C8273E /* LogInViewController.swift */,
				E531E7E4260FD50400C8273E /* SignUpViewController.swift */,
				E568E2F726127DC900D68877 /* RegisterUserInfoViewController.swift */,
				E594E4D726113C6E00B674B6 /* RegisterParams1ViewController.swift */,
				E568E2E82612254400D68877 /* HomeScreenViewController.swift */,
				E568E2EB261227FB00D68877 /* RegisterParams2ViewController.swift */,
				E568E2EE2612283600D68877 /* RegisterParams3ViewController.swift */,
				E568E2F12612287500D68877 /* RegisterCongratsViewController.swift */,
				E568E2F42612775A00D68877 /* ProfileMainViewController.swift */,
			);
			path = Controllers;
			sourceTree = "<group>";
		};
		EADF8E1962CAFD3B86886CED /* Pods */ = {
			isa = PBXGroup;
			children = (
				65B36D324BF6CCE8C21E1B04 /* Pods-RunningMate.debug.xcconfig */,
				64FA8028063919471178C79A /* Pods-RunningMate.release.xcconfig */,
			);
			path = Pods;
			sourceTree = "<group>";
		};
/* End PBXGroup section */

/* Begin PBXNativeTarget section */
		E531E6EC260D294D00C8273E /* RunningMate */ = {
			isa = PBXNativeTarget;
			buildConfigurationList = E531E701260D294F00C8273E /* Build configuration list for PBXNativeTarget "RunningMate" */;
			buildPhases = (
				69D69A474D0C570587A4E79B /* [CP] Check Pods Manifest.lock */,
				E531E6E9260D294D00C8273E /* Sources */,
				E531E6EA260D294D00C8273E /* Frameworks */,
				E531E6EB260D294D00C8273E /* Resources */,
				0E5CC51A0E566E1180EDE038 /* [CP] Embed Pods Frameworks */,
			);
			buildRules = (
			);
			dependencies = (
			);
			name = RunningMate;
			productName = RunningMate;
			productReference = E531E6ED260D294D00C8273E /* RunningMate.app */;
			productType = "com.apple.product-type.application";
		};
/* End PBXNativeTarget section */

/* Begin PBXProject section */
		E531E6E5260D294D00C8273E /* Project object */ = {
			isa = PBXProject;
			attributes = {
				LastSwiftUpdateCheck = 1240;
				LastUpgradeCheck = 1240;
				TargetAttributes = {
					E531E6EC260D294D00C8273E = {
						CreatedOnToolsVersion = 12.4;
					};
				};
			};
			buildConfigurationList = E531E6E8260D294D00C8273E /* Build configuration list for PBXProject "RunningMate" */;
			compatibilityVersion = "Xcode 9.3";
			developmentRegion = en;
			hasScannedForEncodings = 0;
			knownRegions = (
				en,
				Base,
			);
			mainGroup = E531E6E4260D294D00C8273E;
			productRefGroup = E531E6EE260D294D00C8273E /* Products */;
			projectDirPath = "";
			projectRoot = "";
			targets = (
				E531E6EC260D294D00C8273E /* RunningMate */,
			);
		};
/* End PBXProject section */

/* Begin PBXResourcesBuildPhase section */
		E531E6EB260D294D00C8273E /* Resources */ = {
			isa = PBXResourcesBuildPhase;
			buildActionMask = 2147483647;
			files = (
				E531E6FD260D294F00C8273E /* LaunchScreen.storyboard in Resources */,
				E531E70A260D2B7E00C8273E /* GoogleService-Info.plist in Resources */,
				E531E6FA260D294F00C8273E /* Assets.xcassets in Resources */,
				E531E6F8260D294D00C8273E /* Main.storyboard in Resources */,
			);
			runOnlyForDeploymentPostprocessing = 0;
		};
/* End PBXResourcesBuildPhase section */

/* Begin PBXShellScriptBuildPhase section */
		0E5CC51A0E566E1180EDE038 /* [CP] Embed Pods Frameworks */ = {
			isa = PBXShellScriptBuildPhase;
			buildActionMask = 2147483647;
			files = (
			);
			inputFileListPaths = (
				"${PODS_ROOT}/Target Support Files/Pods-RunningMate/Pods-RunningMate-frameworks-${CONFIGURATION}-input-files.xcfilelist",
			);
			name = "[CP] Embed Pods Frameworks";
			outputFileListPaths = (
				"${PODS_ROOT}/Target Support Files/Pods-RunningMate/Pods-RunningMate-frameworks-${CONFIGURATION}-output-files.xcfilelist",
			);
			runOnlyForDeploymentPostprocessing = 0;
			shellPath = /bin/sh;
			shellScript = "\"${PODS_ROOT}/Target Support Files/Pods-RunningMate/Pods-RunningMate-frameworks.sh\"\n";
			showEnvVarsInLog = 0;
		};
		69D69A474D0C570587A4E79B /* [CP] Check Pods Manifest.lock */ = {
			isa = PBXShellScriptBuildPhase;
			buildActionMask = 2147483647;
			files = (
			);
			inputFileListPaths = (
			);
			inputPaths = (
				"${PODS_PODFILE_DIR_PATH}/Podfile.lock",
				"${PODS_ROOT}/Manifest.lock",
			);
			name = "[CP] Check Pods Manifest.lock";
			outputFileListPaths = (
			);
			outputPaths = (
				"$(DERIVED_FILE_DIR)/Pods-RunningMate-checkManifestLockResult.txt",
			);
			runOnlyForDeploymentPostprocessing = 0;
			shellPath = /bin/sh;
			shellScript = "diff \"${PODS_PODFILE_DIR_PATH}/Podfile.lock\" \"${PODS_ROOT}/Manifest.lock\" > /dev/null\nif [ $? != 0 ] ; then\n    # print error to STDERR\n    echo \"error: The sandbox is not in sync with the Podfile.lock. Run 'pod install' or update your CocoaPods installation.\" >&2\n    exit 1\nfi\n# This output is used by Xcode 'outputs' to avoid re-running this script phase.\necho \"SUCCESS\" > \"${SCRIPT_OUTPUT_FILE_0}\"\n";
			showEnvVarsInLog = 0;
		};
/* End PBXShellScriptBuildPhase section */

/* Begin PBXSourcesBuildPhase section */
		E531E6E9260D294D00C8273E /* Sources */ = {
			isa = PBXSourcesBuildPhase;
			buildActionMask = 2147483647;
			files = (
				E568E2FB2613240800D68877 /* User.swift in Sources */,
				E568E2EC261227FB00D68877 /* RegisterParams2ViewController.swift in Sources */,
				E531E76E260FB5AC00C8273E /* LogInViewController.swift in Sources */,
				E531E6F5260D294D00C8273E /* ViewController.swift in Sources */,
				E568E2EF2612283600D68877 /* RegisterParams3ViewController.swift in Sources */,
				E568E2F22612287500D68877 /* RegisterCongratsViewController.swift in Sources */,
				E531E6F1260D294D00C8273E /* AppDelegate.swift in Sources */,
				E568E2F826127DC900D68877 /* RegisterUserInfoViewController.swift in Sources */,
				E568E2F52612775A00D68877 /* ProfileMainViewController.swift in Sources */,
				E594E4D826113C6E00B674B6 /* RegisterParams1ViewController.swift in Sources */,
				E531E6F3260D294D00C8273E /* SceneDelegate.swift in Sources */,
				E531E7E5260FD50400C8273E /* SignUpViewController.swift in Sources */,
				E568E2E92612254400D68877 /* HomeScreenViewController.swift in Sources */,
			);
			runOnlyForDeploymentPostprocessing = 0;
		};
/* End PBXSourcesBuildPhase section */

/* Begin PBXVariantGroup section */
		E531E6F6260D294D00C8273E /* Main.storyboard */ = {
			isa = PBXVariantGroup;
			children = (
				E531E6F7260D294D00C8273E /* Base */,
			);
			name = Main.storyboard;
			sourceTree = "<group>";
		};
		E531E6FB260D294F00C8273E /* LaunchScreen.storyboard */ = {
			isa = PBXVariantGroup;
			children = (
				E531E6FC260D294F00C8273E /* Base */,
			);
			name = LaunchScreen.storyboard;
			sourceTree = "<group>";
		};
/* End PBXVariantGroup section */

/* Begin XCBuildConfiguration section */
		E531E6FF260D294F00C8273E /* Debug */ = {
			isa = XCBuildConfiguration;
			buildSettings = {
				ALWAYS_SEARCH_USER_PATHS = NO;
				CLANG_ANALYZER_NONNULL = YES;
				CLANG_ANALYZER_NUMBER_OBJECT_CONVERSION = YES_AGGRESSIVE;
				CLANG_CXX_LANGUAGE_STANDARD = "gnu++14";
				CLANG_CXX_LIBRARY = "libc++";
				CLANG_ENABLE_MODULES = YES;
				CLANG_ENABLE_OBJC_ARC = YES;
				CLANG_ENABLE_OBJC_WEAK = YES;
				CLANG_WARN_BLOCK_CAPTURE_AUTORELEASING = YES;
				CLANG_WARN_BOOL_CONVERSION = YES;
				CLANG_WARN_COMMA = YES;
				CLANG_WARN_CONSTANT_CONVERSION = YES;
				CLANG_WARN_DEPRECATED_OBJC_IMPLEMENTATIONS = YES;
				CLANG_WARN_DIRECT_OBJC_ISA_USAGE = YES_ERROR;
				CLANG_WARN_DOCUMENTATION_COMMENTS = YES;
				CLANG_WARN_EMPTY_BODY = YES;
				CLANG_WARN_ENUM_CONVERSION = YES;
				CLANG_WARN_INFINITE_RECURSION = YES;
				CLANG_WARN_INT_CONVERSION = YES;
				CLANG_WARN_NON_LITERAL_NULL_CONVERSION = YES;
				CLANG_WARN_OBJC_IMPLICIT_RETAIN_SELF = YES;
				CLANG_WARN_OBJC_LITERAL_CONVERSION = YES;
				CLANG_WARN_OBJC_ROOT_CLASS = YES_ERROR;
				CLANG_WARN_QUOTED_INCLUDE_IN_FRAMEWORK_HEADER = YES;
				CLANG_WARN_RANGE_LOOP_ANALYSIS = YES;
				CLANG_WARN_STRICT_PROTOTYPES = YES;
				CLANG_WARN_SUSPICIOUS_MOVE = YES;
				CLANG_WARN_UNGUARDED_AVAILABILITY = YES_AGGRESSIVE;
				CLANG_WARN_UNREACHABLE_CODE = YES;
				CLANG_WARN__DUPLICATE_METHOD_MATCH = YES;
				COPY_PHASE_STRIP = NO;
				DEBUG_INFORMATION_FORMAT = dwarf;
				ENABLE_STRICT_OBJC_MSGSEND = YES;
				ENABLE_TESTABILITY = YES;
				GCC_C_LANGUAGE_STANDARD = gnu11;
				GCC_DYNAMIC_NO_PIC = NO;
				GCC_NO_COMMON_BLOCKS = YES;
				GCC_OPTIMIZATION_LEVEL = 0;
				GCC_PREPROCESSOR_DEFINITIONS = (
					"DEBUG=1",
					"$(inherited)",
				);
				GCC_WARN_64_TO_32_BIT_CONVERSION = YES;
				GCC_WARN_ABOUT_RETURN_TYPE = YES_ERROR;
				GCC_WARN_UNDECLARED_SELECTOR = YES;
				GCC_WARN_UNINITIALIZED_AUTOS = YES_AGGRESSIVE;
				GCC_WARN_UNUSED_FUNCTION = YES;
				GCC_WARN_UNUSED_VARIABLE = YES;
				IPHONEOS_DEPLOYMENT_TARGET = 14.4;
				MTL_ENABLE_DEBUG_INFO = INCLUDE_SOURCE;
				MTL_FAST_MATH = YES;
				ONLY_ACTIVE_ARCH = YES;
				SDKROOT = iphoneos;
				SWIFT_ACTIVE_COMPILATION_CONDITIONS = DEBUG;
				SWIFT_OPTIMIZATION_LEVEL = "-Onone";
			};
			name = Debug;
		};
		E531E700260D294F00C8273E /* Release */ = {
			isa = XCBuildConfiguration;
			buildSettings = {
				ALWAYS_SEARCH_USER_PATHS = NO;
				CLANG_ANALYZER_NONNULL = YES;
				CLANG_ANALYZER_NUMBER_OBJECT_CONVERSION = YES_AGGRESSIVE;
				CLANG_CXX_LANGUAGE_STANDARD = "gnu++14";
				CLANG_CXX_LIBRARY = "libc++";
				CLANG_ENABLE_MODULES = YES;
				CLANG_ENABLE_OBJC_ARC = YES;
				CLANG_ENABLE_OBJC_WEAK = YES;
				CLANG_WARN_BLOCK_CAPTURE_AUTORELEASING = YES;
				CLANG_WARN_BOOL_CONVERSION = YES;
				CLANG_WARN_COMMA = YES;
				CLANG_WARN_CONSTANT_CONVERSION = YES;
				CLANG_WARN_DEPRECATED_OBJC_IMPLEMENTATIONS = YES;
				CLANG_WARN_DIRECT_OBJC_ISA_USAGE = YES_ERROR;
				CLANG_WARN_DOCUMENTATION_COMMENTS = YES;
				CLANG_WARN_EMPTY_BODY = YES;
				CLANG_WARN_ENUM_CONVERSION = YES;
				CLANG_WARN_INFINITE_RECURSION = YES;
				CLANG_WARN_INT_CONVERSION = YES;
				CLANG_WARN_NON_LITERAL_NULL_CONVERSION = YES;
				CLANG_WARN_OBJC_IMPLICIT_RETAIN_SELF = YES;
				CLANG_WARN_OBJC_LITERAL_CONVERSION = YES;
				CLANG_WARN_OBJC_ROOT_CLASS = YES_ERROR;
				CLANG_WARN_QUOTED_INCLUDE_IN_FRAMEWORK_HEADER = YES;
				CLANG_WARN_RANGE_LOOP_ANALYSIS = YES;
				CLANG_WARN_STRICT_PROTOTYPES = YES;
				CLANG_WARN_SUSPICIOUS_MOVE = YES;
				CLANG_WARN_UNGUARDED_AVAILABILITY = YES_AGGRESSIVE;
				CLANG_WARN_UNREACHABLE_CODE = YES;
				CLANG_WARN__DUPLICATE_METHOD_MATCH = YES;
				COPY_PHASE_STRIP = NO;
				DEBUG_INFORMATION_FORMAT = "dwarf-with-dsym";
				ENABLE_NS_ASSERTIONS = NO;
				ENABLE_STRICT_OBJC_MSGSEND = YES;
				GCC_C_LANGUAGE_STANDARD = gnu11;
				GCC_NO_COMMON_BLOCKS = YES;
				GCC_WARN_64_TO_32_BIT_CONVERSION = YES;
				GCC_WARN_ABOUT_RETURN_TYPE = YES_ERROR;
				GCC_WARN_UNDECLARED_SELECTOR = YES;
				GCC_WARN_UNINITIALIZED_AUTOS = YES_AGGRESSIVE;
				GCC_WARN_UNUSED_FUNCTION = YES;
				GCC_WARN_UNUSED_VARIABLE = YES;
				IPHONEOS_DEPLOYMENT_TARGET = 14.4;
				MTL_ENABLE_DEBUG_INFO = NO;
				MTL_FAST_MATH = YES;
				SDKROOT = iphoneos;
				SWIFT_COMPILATION_MODE = wholemodule;
				SWIFT_OPTIMIZATION_LEVEL = "-O";
				VALIDATE_PRODUCT = YES;
			};
			name = Release;
		};
		E531E702260D294F00C8273E /* Debug */ = {
			isa = XCBuildConfiguration;
			baseConfigurationReference = 65B36D324BF6CCE8C21E1B04 /* Pods-RunningMate.debug.xcconfig */;
			buildSettings = {
				ASSETCATALOG_COMPILER_APPICON_NAME = AppIcon;
				ASSETCATALOG_COMPILER_GLOBAL_ACCENT_COLOR_NAME = AccentColor;
				CODE_SIGN_STYLE = Automatic;
				DEVELOPMENT_TEAM = 7VFZK2GD4F;
				INFOPLIST_FILE = RunningMate/Info.plist;
				LD_RUNPATH_SEARCH_PATHS = (
					"$(inherited)",
					"@executable_path/Frameworks",
				);
				PRODUCT_BUNDLE_IDENTIFIER = com.gjimenezca.RunningMate;
				PRODUCT_NAME = "$(TARGET_NAME)";
				SWIFT_VERSION = 5.0;
				TARGETED_DEVICE_FAMILY = 1;
			};
			name = Debug;
		};
		E531E703260D294F00C8273E /* Release */ = {
			isa = XCBuildConfiguration;
			baseConfigurationReference = 64FA8028063919471178C79A /* Pods-RunningMate.release.xcconfig */;
			buildSettings = {
				ASSETCATALOG_COMPILER_APPICON_NAME = AppIcon;
				ASSETCATALOG_COMPILER_GLOBAL_ACCENT_COLOR_NAME = AccentColor;
				CODE_SIGN_STYLE = Automatic;
				DEVELOPMENT_TEAM = 7VFZK2GD4F;
				INFOPLIST_FILE = RunningMate/Info.plist;
				LD_RUNPATH_SEARCH_PATHS = (
					"$(inherited)",
					"@executable_path/Frameworks",
				);
				PRODUCT_BUNDLE_IDENTIFIER = com.gjimenezca.RunningMate;
				PRODUCT_NAME = "$(TARGET_NAME)";
				SWIFT_VERSION = 5.0;
				TARGETED_DEVICE_FAMILY = 1;
			};
			name = Release;
		};
/* End XCBuildConfiguration section */

/* Begin XCConfigurationList section */
		E531E6E8260D294D00C8273E /* Build configuration list for PBXProject "RunningMate" */ = {
			isa = XCConfigurationList;
			buildConfigurations = (
				E531E6FF260D294F00C8273E /* Debug */,
				E531E700260D294F00C8273E /* Release */,
			);
			defaultConfigurationIsVisible = 0;
			defaultConfigurationName = Release;
		};
		E531E701260D294F00C8273E /* Build configuration list for PBXNativeTarget "RunningMate" */ = {
			isa = XCConfigurationList;
			buildConfigurations = (
				E531E702260D294F00C8273E /* Debug */,
				E531E703260D294F00C8273E /* Release */,
			);
			defaultConfigurationIsVisible = 0;
			defaultConfigurationName = Release;
		};
/* End XCConfigurationList section */
	};
	rootObject = E531E6E5260D294D00C8273E /* Project object */;
}
